
Microsoft Visual Studio Solution File, Format Version 12.00
# Visual Studio Version 16
VisualStudioVersion = 16.0.30804.86
MinimumVisualStudioVersion = 10.0.40219.1
Project("{FAE04EC0-301F-11D3-BF4B-00C04F79EFBC}") = "SasaMessagingService", "SasaMessagingService.csproj", "{AF145DF3-101A-472E-960C-BDEE7CDC6FE2}"
EndProject
Global
	GlobalSection(SolutionConfigurationPlatforms) = preSolution
		Debug|Any CPU = Debug|Any CPU
		Release|Any CPU = Release|Any CPU
	EndGlobalSection
	GlobalSection(ProjectConfigurationPlatforms) = postSolution
		{AF145DF3-101A-472E-960C-BDEE7CDC6FE2}.Debug|Any CPU.ActiveCfg = Debug|Any CPU
		{AF145DF3-101A-472E-960C-BDEE7CDC6FE2}.Debug|Any CPU.Build.0 = Debug|Any CPU
		{AF145DF3-101A-472E-960C-BDEE7CDC6FE2}.Release|Any CPU.ActiveCfg = Release|Any CPU
		{AF145DF3-101A-472E-960C-BDEE7CDC6FE2}.Release|Any CPU.Build.0 = Release|Any CPU
	EndGlobalSection
	GlobalSection(SolutionProperties) = preSolution
		HideSolutionNode = FALSE
	EndGlobalSection
	GlobalSection(ExtensibilityGlobals) = postSolution
		SolutionGuid = {F54995E8-CBB6-4CFE-93AB-80E2D98C677E}
	EndGlobalSection
EndGlobal
