
Microsoft Visual Studio Solution File, Format Version 12.00
# Visual Studio Version 16
VisualStudioVersion = 16.0.31515.178
MinimumVisualStudioVersion = 10.0.40219.1
Project("{FAE04EC0-301F-11D3-BF4B-00C04F79EFBC}") = "UserService-IT59-2017", "UserService-IT59-2017\UserService-IT59-2017.csproj", "{140430A7-4EF5-449B-A84B-3D6C254AABFA}"
EndProject
Global
	GlobalSection(SolutionConfigurationPlatforms) = preSolution
		Debug|Any CPU = Debug|Any CPU
		Release|Any CPU = Release|Any CPU
	EndGlobalSection
	GlobalSection(ProjectConfigurationPlatforms) = postSolution
		{140430A7-4EF5-449B-A84B-3D6C254AABFA}.Debug|Any CPU.ActiveCfg = Debug|Any CPU
		{140430A7-4EF5-449B-A84B-3D6C254AABFA}.Debug|Any CPU.Build.0 = Debug|Any CPU
		{140430A7-4EF5-449B-A84B-3D6C254AABFA}.Release|Any CPU.ActiveCfg = Release|Any CPU
		{140430A7-4EF5-449B-A84B-3D6C254AABFA}.Release|Any CPU.Build.0 = Release|Any CPU
	EndGlobalSection
	GlobalSection(SolutionProperties) = preSolution
		HideSolutionNode = FALSE
	EndGlobalSection
	GlobalSection(ExtensibilityGlobals) = postSolution
		SolutionGuid = {192A6453-6C26-4522-9E0F-32D109472D9D}
	EndGlobalSection
EndGlobal
