
Microsoft Visual Studio Solution File, Format Version 12.00
# Visual Studio Version 16
VisualStudioVersion = 16.0.31613.86
MinimumVisualStudioVersion = 10.0.40219.1
Project("{FAE04EC0-301F-11D3-BF4B-00C04F79EFBC}") = "UserService", "UserService\UserService.csproj", "{D62E485D-176A-4154-A699-BF0414651B0D}"
EndProject
Global
	GlobalSection(SolutionConfigurationPlatforms) = preSolution
		Debug|Any CPU = Debug|Any CPU
		Release|Any CPU = Release|Any CPU
	EndGlobalSection
	GlobalSection(ProjectConfigurationPlatforms) = postSolution
		{D62E485D-176A-4154-A699-BF0414651B0D}.Debug|Any CPU.ActiveCfg = Debug|Any CPU
		{D62E485D-176A-4154-A699-BF0414651B0D}.Debug|Any CPU.Build.0 = Debug|Any CPU
		{D62E485D-176A-4154-A699-BF0414651B0D}.Release|Any CPU.ActiveCfg = Release|Any CPU
		{D62E485D-176A-4154-A699-BF0414651B0D}.Release|Any CPU.Build.0 = Release|Any CPU
	EndGlobalSection
	GlobalSection(SolutionProperties) = preSolution
		HideSolutionNode = FALSE
	EndGlobalSection
	GlobalSection(ExtensibilityGlobals) = postSolution
		SolutionGuid = {1A0FEC30-D102-47F9-9FAF-FD6808B1601B}
	EndGlobalSection
EndGlobal
